
Microsoft Visual Studio Solution File, Format Version 12.00
# Visual Studio Version 17
VisualStudioVersion = 17.7.34024.191
MinimumVisualStudioVersion = 10.0.40219.1
Project("{FAE04EC0-301F-11D3-BF4B-00C04F79EFBC}") = "BC_Formularios", "LaboratorioII_BananasCapital\BC_Formularios.csproj", "{4B073784-E304-4A97-A35D-E22169A6A257}"
EndProject
Project("{FAE04EC0-301F-11D3-BF4B-00C04F79EFBC}") = "BibliotecaClases", "BibliotecaClases\BibliotecaClases.csproj", "{367137D6-301C-442E-A111-112DD5A8124A}"
EndProject
Global
	GlobalSection(SolutionConfigurationPlatforms) = preSolution
		Debug|Any CPU = Debug|Any CPU
		Release|Any CPU = Release|Any CPU
	EndGlobalSection
	GlobalSection(ProjectConfigurationPlatforms) = postSolution
		{4B073784-E304-4A97-A35D-E22169A6A257}.Debug|Any CPU.ActiveCfg = Debug|Any CPU
		{4B073784-E304-4A97-A35D-E22169A6A257}.Debug|Any CPU.Build.0 = Debug|Any CPU
		{4B073784-E304-4A97-A35D-E22169A6A257}.Release|Any CPU.ActiveCfg = Release|Any CPU
		{4B073784-E304-4A97-A35D-E22169A6A257}.Release|Any CPU.Build.0 = Release|Any CPU
		{367137D6-301C-442E-A111-112DD5A8124A}.Debug|Any CPU.ActiveCfg = Debug|Any CPU
		{367137D6-301C-442E-A111-112DD5A8124A}.Debug|Any CPU.Build.0 = Debug|Any CPU
		{367137D6-301C-442E-A111-112DD5A8124A}.Release|Any CPU.ActiveCfg = Release|Any CPU
		{367137D6-301C-442E-A111-112DD5A8124A}.Release|Any CPU.Build.0 = Release|Any CPU
	EndGlobalSection
	GlobalSection(SolutionProperties) = preSolution
		HideSolutionNode = FALSE
	EndGlobalSection
	GlobalSection(ExtensibilityGlobals) = postSolution
		SolutionGuid = {C7031B0B-6C70-4DF9-9DE3-FBCE3FBCE4D9}
	EndGlobalSection
EndGlobal
